
Microsoft Visual Studio Solution File, Format Version 12.00
# Visual Studio 14
VisualStudioVersion = 14.0.25420.1
MinimumVisualStudioVersion = 10.0.40219.1
Project("{FAE04EC0-301F-11D3-BF4B-00C04F79EFBC}") = "Exam01", "Exam01\Exam01.csproj", "{974990F1-52E8-4E4B-8EA3-469D509ADFAF}"
EndProject
Project("{FAE04EC0-301F-11D3-BF4B-00C04F79EFBC}") = "Exam02", "Exam02\Exam02.csproj", "{2BA62372-0676-4C75-A8BE-AAAE28D09D10}"
EndProject
Project("{FAE04EC0-301F-11D3-BF4B-00C04F79EFBC}") = "Exam03", "Exam03\Exam03.csproj", "{E0EE96A7-8259-45A7-9110-F9C5196C9708}"
EndProject
Project("{FAE04EC0-301F-11D3-BF4B-00C04F79EFBC}") = "ExamBase", "ExamBase\ExamBase.csproj", "{A3B1B595-E512-444F-BDE0-1BF446A9660C}"
EndProject
Project("{FAE04EC0-301F-11D3-BF4B-00C04F79EFBC}") = "Exam04", "Exam04\Exam04.csproj", "{5674A45A-06EB-4715-962A-66C4D5D72791}"
EndProject
Global
	GlobalSection(SolutionConfigurationPlatforms) = preSolution
		Debug|Any CPU = Debug|Any CPU
		Release|Any CPU = Release|Any CPU
	EndGlobalSection
	GlobalSection(ProjectConfigurationPlatforms) = postSolution
		{974990F1-52E8-4E4B-8EA3-469D509ADFAF}.Debug|Any CPU.ActiveCfg = Debug|Any CPU
		{974990F1-52E8-4E4B-8EA3-469D509ADFAF}.Debug|Any CPU.Build.0 = Debug|Any CPU
		{974990F1-52E8-4E4B-8EA3-469D509ADFAF}.Release|Any CPU.ActiveCfg = Release|Any CPU
		{974990F1-52E8-4E4B-8EA3-469D509ADFAF}.Release|Any CPU.Build.0 = Release|Any CPU
		{2BA62372-0676-4C75-A8BE-AAAE28D09D10}.Debug|Any CPU.ActiveCfg = Debug|Any CPU
		{2BA62372-0676-4C75-A8BE-AAAE28D09D10}.Debug|Any CPU.Build.0 = Debug|Any CPU
		{2BA62372-0676-4C75-A8BE-AAAE28D09D10}.Release|Any CPU.ActiveCfg = Release|Any CPU
		{2BA62372-0676-4C75-A8BE-AAAE28D09D10}.Release|Any CPU.Build.0 = Release|Any CPU
		{E0EE96A7-8259-45A7-9110-F9C5196C9708}.Debug|Any CPU.ActiveCfg = Debug|Any CPU
		{E0EE96A7-8259-45A7-9110-F9C5196C9708}.Debug|Any CPU.Build.0 = Debug|Any CPU
		{E0EE96A7-8259-45A7-9110-F9C5196C9708}.Release|Any CPU.ActiveCfg = Release|Any CPU
		{E0EE96A7-8259-45A7-9110-F9C5196C9708}.Release|Any CPU.Build.0 = Release|Any CPU
		{A3B1B595-E512-444F-BDE0-1BF446A9660C}.Debug|Any CPU.ActiveCfg = Debug|Any CPU
		{A3B1B595-E512-444F-BDE0-1BF446A9660C}.Debug|Any CPU.Build.0 = Debug|Any CPU
		{A3B1B595-E512-444F-BDE0-1BF446A9660C}.Release|Any CPU.ActiveCfg = Release|Any CPU
		{A3B1B595-E512-444F-BDE0-1BF446A9660C}.Release|Any CPU.Build.0 = Release|Any CPU
		{5674A45A-06EB-4715-962A-66C4D5D72791}.Debug|Any CPU.ActiveCfg = Debug|Any CPU
		{5674A45A-06EB-4715-962A-66C4D5D72791}.Debug|Any CPU.Build.0 = Debug|Any CPU
		{5674A45A-06EB-4715-962A-66C4D5D72791}.Release|Any CPU.ActiveCfg = Release|Any CPU
		{5674A45A-06EB-4715-962A-66C4D5D72791}.Release|Any CPU.Build.0 = Release|Any CPU
	EndGlobalSection
	GlobalSection(SolutionProperties) = preSolution
		HideSolutionNode = FALSE
	EndGlobalSection
EndGlobal
